
Microsoft Visual Studio Solution File, Format Version 12.00
# Visual Studio 15
VisualStudioVersion = 15.0.27130.2036
MinimumVisualStudioVersion = 10.0.40219.1
Project("{888888A0-9F3D-457C-B088-3A5042F75D52}") = "vezba04", "vezba04.pyproj", "{27C263E7-AA63-4842-842F-BC986B9FC11A}"
EndProject
Global
	GlobalSection(SolutionConfigurationPlatforms) = preSolution
		Debug|Any CPU = Debug|Any CPU
		Release|Any CPU = Release|Any CPU
	EndGlobalSection
	GlobalSection(ProjectConfigurationPlatforms) = postSolution
		{27C263E7-AA63-4842-842F-BC986B9FC11A}.Debug|Any CPU.ActiveCfg = Debug|Any CPU
		{27C263E7-AA63-4842-842F-BC986B9FC11A}.Release|Any CPU.ActiveCfg = Release|Any CPU
	EndGlobalSection
	GlobalSection(SolutionProperties) = preSolution
		HideSolutionNode = FALSE
	EndGlobalSection
	GlobalSection(ExtensibilityGlobals) = postSolution
		SolutionGuid = {9847D05E-58FD-46EB-92E4-D8449FEEB16A}
	EndGlobalSection
EndGlobal
