
Microsoft Visual Studio Solution File, Format Version 12.00
# Visual Studio 15
VisualStudioVersion = 15.0.27130.2036
MinimumVisualStudioVersion = 10.0.40219.1
Project("{888888A0-9F3D-457C-B088-3A5042F75D52}") = "vezba12", "vezba12.pyproj", "{A38875DB-DB60-4F69-8AAB-E3E82ED5CF66}"
EndProject
Global
	GlobalSection(SolutionConfigurationPlatforms) = preSolution
		Debug|Any CPU = Debug|Any CPU
		Release|Any CPU = Release|Any CPU
	EndGlobalSection
	GlobalSection(ProjectConfigurationPlatforms) = postSolution
		{A38875DB-DB60-4F69-8AAB-E3E82ED5CF66}.Debug|Any CPU.ActiveCfg = Debug|Any CPU
		{A38875DB-DB60-4F69-8AAB-E3E82ED5CF66}.Release|Any CPU.ActiveCfg = Release|Any CPU
	EndGlobalSection
	GlobalSection(SolutionProperties) = preSolution
		HideSolutionNode = FALSE
	EndGlobalSection
	GlobalSection(ExtensibilityGlobals) = postSolution
		SolutionGuid = {E65B25D1-32FD-4E87-AF6E-2D6E214E7255}
	EndGlobalSection
EndGlobal
