
Microsoft Visual Studio Solution File, Format Version 12.00
# Visual Studio 15
VisualStudioVersion = 15.0.27130.2036
MinimumVisualStudioVersion = 10.0.40219.1
Project("{888888A0-9F3D-457C-B088-3A5042F75D52}") = "pripremaPrviTest.py", "pripremaPrviTest.py\pripremaPrviTest.py.pyproj", "{CDD1338F-D1DB-4640-A7AB-53083655F954}"
EndProject
Global
	GlobalSection(SolutionConfigurationPlatforms) = preSolution
		Debug|Any CPU = Debug|Any CPU
		Release|Any CPU = Release|Any CPU
	EndGlobalSection
	GlobalSection(ProjectConfigurationPlatforms) = postSolution
		{CDD1338F-D1DB-4640-A7AB-53083655F954}.Debug|Any CPU.ActiveCfg = Debug|Any CPU
		{CDD1338F-D1DB-4640-A7AB-53083655F954}.Release|Any CPU.ActiveCfg = Release|Any CPU
	EndGlobalSection
	GlobalSection(SolutionProperties) = preSolution
		HideSolutionNode = FALSE
	EndGlobalSection
	GlobalSection(ExtensibilityGlobals) = postSolution
		SolutionGuid = {8580A674-8F00-4FDE-ABD5-54370C51CA48}
	EndGlobalSection
EndGlobal
