
Microsoft Visual Studio Solution File, Format Version 12.00
# Visual Studio 15
VisualStudioVersion = 15.0.27130.2036
MinimumVisualStudioVersion = 10.0.40219.1
Project("{888888A0-9F3D-457C-B088-3A5042F75D52}") = "pripremaDrugiTreci", "pripremaDrugiTreci.pyproj", "{CFF595FF-6C8E-43CD-B58A-C58CFD1580DF}"
EndProject
Global
	GlobalSection(SolutionConfigurationPlatforms) = preSolution
		Debug|Any CPU = Debug|Any CPU
		Release|Any CPU = Release|Any CPU
	EndGlobalSection
	GlobalSection(ProjectConfigurationPlatforms) = postSolution
		{CFF595FF-6C8E-43CD-B58A-C58CFD1580DF}.Debug|Any CPU.ActiveCfg = Debug|Any CPU
		{CFF595FF-6C8E-43CD-B58A-C58CFD1580DF}.Release|Any CPU.ActiveCfg = Release|Any CPU
	EndGlobalSection
	GlobalSection(SolutionProperties) = preSolution
		HideSolutionNode = FALSE
	EndGlobalSection
	GlobalSection(ExtensibilityGlobals) = postSolution
		SolutionGuid = {E08786E2-A80E-4E00-9ACB-D3B9ED740D51}
	EndGlobalSection
EndGlobal
